// !$*UTF8*$!
{
	archiveVersion = 1;
	classes = {
	};
	objectVersion = 50;
	objects = {

/* Begin PBXBuildFile section */
		A90E03312180D46A00A0C41A /* CharacterSpacing.swift in Sources */ = {isa = PBXBuildFile; fileRef = A90E03302180D46A00A0C41A /* CharacterSpacing.swift */; };
		A90E033521810ABF00A0C41A /* Assets.xcassets in Resources */ = {isa = PBXBuildFile; fileRef = A90E033421810ABE00A0C41A /* Assets.xcassets */; };
		A90E03372181108000A0C41A /* CustomSegControl.swift in Sources */ = {isa = PBXBuildFile; fileRef = A90E03362181108000A0C41A /* CustomSegControl.swift */; };
		A945173D217A3BC8000FBB71 /* AppDelegate.swift in Sources */ = {isa = PBXBuildFile; fileRef = A945173C217A3BC8000FBB71 /* AppDelegate.swift */; };
		A945173F217A3BC8000FBB71 /* ViewController.swift in Sources */ = {isa = PBXBuildFile; fileRef = A945173E217A3BC8000FBB71 /* ViewController.swift */; };
		A9451742217A3BC8000FBB71 /* Main.storyboard in Resources */ = {isa = PBXBuildFile; fileRef = A9451740217A3BC8000FBB71 /* Main.storyboard */; };
		A9451747217A3BCC000FBB71 /* LaunchScreen.storyboard in Resources */ = {isa = PBXBuildFile; fileRef = A9451745217A3BCC000FBB71 /* LaunchScreen.storyboard */; };
/* End PBXBuildFile section */

/* Begin PBXFileReference section */
		A90E03302180D46A00A0C41A /* CharacterSpacing.swift */ = {isa = PBXFileReference; lastKnownFileType = sourcecode.swift; path = CharacterSpacing.swift; sourceTree = "<group>"; };
		A90E033421810ABE00A0C41A /* Assets.xcassets */ = {isa = PBXFileReference; lastKnownFileType = folder.assetcatalog; path = Assets.xcassets; sourceTree = "<group>"; };
		A90E03362181108000A0C41A /* CustomSegControl.swift */ = {isa = PBXFileReference; lastKnownFileType = sourcecode.swift; path = CustomSegControl.swift; sourceTree = "<group>"; };
		A9451739217A3BC8000FBB71 /* SkyMood.app */ = {isa = PBXFileReference; explicitFileType = wrapper.application; includeInIndex = 0; path = SkyMood.app; sourceTree = BUILT_PRODUCTS_DIR; };
		A945173C217A3BC8000FBB71 /* AppDelegate.swift */ = {isa = PBXFileReference; lastKnownFileType = sourcecode.swift; path = AppDelegate.swift; sourceTree = "<group>"; };
		A945173E217A3BC8000FBB71 /* ViewController.swift */ = {isa = PBXFileReference; lastKnownFileType = sourcecode.swift; path = ViewController.swift; sourceTree = "<group>"; };
		A9451741217A3BC8000FBB71 /* Base */ = {isa = PBXFileReference; lastKnownFileType = file.storyboard; name = Base; path = Base.lproj/Main.storyboard; sourceTree = "<group>"; };
		A9451746217A3BCC000FBB71 /* Base */ = {isa = PBXFileReference; lastKnownFileType = file.storyboard; name = Base; path = Base.lproj/LaunchScreen.storyboard; sourceTree = "<group>"; };
		A9451748217A3BCC000FBB71 /* Info.plist */ = {isa = PBXFileReference; lastKnownFileType = text.plist.xml; path = Info.plist; sourceTree = "<group>"; };
/* End PBXFileReference section */

/* Begin PBXFrameworksBuildPhase section */
		A9451736217A3BC8000FBB71 /* Frameworks */ = {
			isa = PBXFrameworksBuildPhase;
			buildActionMask = 2147483647;
			files = (
			);
			runOnlyForDeploymentPostprocessing = 0;
		};
/* End PBXFrameworksBuildPhase section */

/* Begin PBXGroup section */
		A9451730217A3BC8000FBB71 = {
			isa = PBXGroup;
			children = (
				A945173B217A3BC8000FBB71 /* SkyMood */,
				A945173A217A3BC8000FBB71 /* Products */,
			);
			sourceTree = "<group>";
		};
		A945173A217A3BC8000FBB71 /* Products */ = {
			isa = PBXGroup;
			children = (
				A9451739217A3BC8000FBB71 /* SkyMood.app */,
			);
			name = Products;
			sourceTree = "<group>";
		};
		A945173B217A3BC8000FBB71 /* SkyMood */ = {
			isa = PBXGroup;
			children = (
				A9451750217A3C01000FBB71 /* Model */,
				A945174F217A3BFE000FBB71 /* View */,
				A945174E217A3BF1000FBB71 /* Controller */,
				A9451748217A3BCC000FBB71 /* Info.plist */,
				A90E033421810ABE00A0C41A /* Assets.xcassets */,
			);
			path = SkyMood;
			sourceTree = "<group>";
		};
		A945174E217A3BF1000FBB71 /* Controller */ = {
			isa = PBXGroup;
			children = (
				A945173E217A3BC8000FBB71 /* ViewController.swift */,
			);
			path = Controller;
			sourceTree = "<group>";
		};
		A945174F217A3BFE000FBB71 /* View */ = {
			isa = PBXGroup;
			children = (
				A9451740217A3BC8000FBB71 /* Main.storyboard */,
				A9451745217A3BCC000FBB71 /* LaunchScreen.storyboard */,
			);
			path = View;
			sourceTree = "<group>";
		};
		A9451750217A3C01000FBB71 /* Model */ = {
			isa = PBXGroup;
			children = (
				A945173C217A3BC8000FBB71 /* AppDelegate.swift */,
				A90E03302180D46A00A0C41A /* CharacterSpacing.swift */,
				A90E03362181108000A0C41A /* CustomSegControl.swift */,
			);
			path = Model;
			sourceTree = "<group>";
		};
/* End PBXGroup section */

/* Begin PBXNativeTarget section */
		A9451738217A3BC8000FBB71 /* SkyMood */ = {
			isa = PBXNativeTarget;
			buildConfigurationList = A945174B217A3BCC000FBB71 /* Build configuration list for PBXNativeTarget "SkyMood" */;
			buildPhases = (
				A9451735217A3BC8000FBB71 /* Sources */,
				A9451736217A3BC8000FBB71 /* Frameworks */,
				A9451737217A3BC8000FBB71 /* Resources */,
			);
			buildRules = (
			);
			dependencies = (
			);
			name = SkyMood;
			productName = SkyMood;
			productReference = A9451739217A3BC8000FBB71 /* SkyMood.app */;
			productType = "com.apple.product-type.application";
		};
/* End PBXNativeTarget section */

/* Begin PBXProject section */
		A9451731217A3BC8000FBB71 /* Project object */ = {
			isa = PBXProject;
			attributes = {
				LastSwiftUpdateCheck = 1000;
				LastUpgradeCheck = 1000;
				ORGANIZATIONNAME = "Amanda Ramirez";
				TargetAttributes = {
					A9451738217A3BC8000FBB71 = {
						CreatedOnToolsVersion = 10.0;
					};
				};
			};
			buildConfigurationList = A9451734217A3BC8000FBB71 /* Build configuration list for PBXProject "SkyMood" */;
			compatibilityVersion = "Xcode 9.3";
			developmentRegion = en;
			hasScannedForEncodings = 0;
			knownRegions = (
				en,
				Base,
			);
			mainGroup = A9451730217A3BC8000FBB71;
			productRefGroup = A945173A217A3BC8000FBB71 /* Products */;
			projectDirPath = "";
			projectRoot = "";
			targets = (
				A9451738217A3BC8000FBB71 /* SkyMood */,
			);
		};
/* End PBXProject section */

/* Begin PBXResourcesBuildPhase section */
		A9451737217A3BC8000FBB71 /* Resources */ = {
			isa = PBXResourcesBuildPhase;
			buildActionMask = 2147483647;
			files = (
				A9451747217A3BCC000FBB71 /* LaunchScreen.storyboard in Resources */,
				A90E033521810ABF00A0C41A /* Assets.xcassets in Resources */,
				A9451742217A3BC8000FBB71 /* Main.storyboard in Resources */,
			);
			runOnlyForDeploymentPostprocessing = 0;
		};
/* End PBXResourcesBuildPhase section */

/* Begin PBXSourcesBuildPhase section */
		A9451735217A3BC8000FBB71 /* Sources */ = {
			isa = PBXSourcesBuildPhase;
			buildActionMask = 2147483647;
			files = (
				A945173F217A3BC8000FBB71 /* ViewController.swift in Sources */,
				A90E03312180D46A00A0C41A /* CharacterSpacing.swift in Sources */,
				A945173D217A3BC8000FBB71 /* AppDelegate.swift in Sources */,
				A90E03372181108000A0C41A /* CustomSegControl.swift in Sources */,
			);
			runOnlyForDeploymentPostprocessing = 0;
		};
/* End PBXSourcesBuildPhase section */

/* Begin PBXVariantGroup section */
		A9451740217A3BC8000FBB71 /* Main.storyboard */ = {
			isa = PBXVariantGroup;
			children = (
				A9451741217A3BC8000FBB71 /* Base */,
			);
			name = Main.storyboard;
			sourceTree = "<group>";
		};
		A9451745217A3BCC000FBB71 /* LaunchScreen.storyboard */ = {
			isa = PBXVariantGroup;
			children = (
				A9451746217A3BCC000FBB71 /* Base */,
			);
			name = LaunchScreen.storyboard;
			sourceTree = "<group>";
		};
/* End PBXVariantGroup section */

/* Begin XCBuildConfiguration section */
		A9451749217A3BCC000FBB71 /* Debug */ = {
			isa = XCBuildConfiguration;
			buildSettings = {
				ALWAYS_SEARCH_USER_PATHS = NO;
				CLANG_ANALYZER_NONNULL = YES;
				CLANG_ANALYZER_NUMBER_OBJECT_CONVERSION = YES_AGGRESSIVE;
				CLANG_CXX_LANGUAGE_STANDARD = "gnu++14";
				CLANG_CXX_LIBRARY = "libc++";
				CLANG_ENABLE_MODULES = YES;
				CLANG_ENABLE_OBJC_ARC = YES;
				CLANG_ENABLE_OBJC_WEAK = YES;
				CLANG_WARN_BLOCK_CAPTURE_AUTORELEASING = YES;
				CLANG_WARN_BOOL_CONVERSION = YES;
				CLANG_WARN_COMMA = YES;
				CLANG_WARN_CONSTANT_CONVERSION = YES;
				CLANG_WARN_DEPRECATED_OBJC_IMPLEMENTATIONS = YES;
				CLANG_WARN_DIRECT_OBJC_ISA_USAGE = YES_ERROR;
				CLANG_WARN_DOCUMENTATION_COMMENTS = YES;
				CLANG_WARN_EMPTY_BODY = YES;
				CLANG_WARN_ENUM_CONVERSION = YES;
				CLANG_WARN_INFINITE_RECURSION = YES;
				CLANG_WARN_INT_CONVERSION = YES;
				CLANG_WARN_NON_LITERAL_NULL_CONVERSION = YES;
				CLANG_WARN_OBJC_IMPLICIT_RETAIN_SELF = YES;
				CLANG_WARN_OBJC_LITERAL_CONVERSION = YES;
				CLANG_WARN_OBJC_ROOT_CLASS = YES_ERROR;
				CLANG_WARN_RANGE_LOOP_ANALYSIS = YES;
				CLANG_WARN_STRICT_PROTOTYPES = YES;
				CLANG_WARN_SUSPICIOUS_MOVE = YES;
				CLANG_WARN_UNGUARDED_AVAILABILITY = YES_AGGRESSIVE;
				CLANG_WARN_UNREACHABLE_CODE = YES;
				CLANG_WARN__DUPLICATE_METHOD_MATCH = YES;
				CODE_SIGN_IDENTITY = "iPhone Developer";
				COPY_PHASE_STRIP = NO;
				DEBUG_INFORMATION_FORMAT = dwarf;
				ENABLE_STRICT_OBJC_MSGSEND = YES;
				ENABLE_TESTABILITY = YES;
				GCC_C_LANGUAGE_STANDARD = gnu11;
				GCC_DYNAMIC_NO_PIC = NO;
				GCC_NO_COMMON_BLOCKS = YES;
				GCC_OPTIMIZATION_LEVEL = 0;
				GCC_PREPROCESSOR_DEFINITIONS = (
					"DEBUG=1",
					"$(inherited)",
				);
				GCC_WARN_64_TO_32_BIT_CONVERSION = YES;
				GCC_WARN_ABOUT_RETURN_TYPE = YES_ERROR;
				GCC_WARN_UNDECLARED_SELECTOR = YES;
				GCC_WARN_UNINITIALIZED_AUTOS = YES_AGGRESSIVE;
				GCC_WARN_UNUSED_FUNCTION = YES;
				GCC_WARN_UNUSED_VARIABLE = YES;
				IPHONEOS_DEPLOYMENT_TARGET = 12.0;
				MTL_ENABLE_DEBUG_INFO = INCLUDE_SOURCE;
				MTL_FAST_MATH = YES;
				ONLY_ACTIVE_ARCH = YES;
				SDKROOT = iphoneos;
				SWIFT_ACTIVE_COMPILATION_CONDITIONS = DEBUG;
				SWIFT_OPTIMIZATION_LEVEL = "-Onone";
			};
			name = Debug;
		};
		A945174A217A3BCC000FBB71 /* Release */ = {
			isa = XCBuildConfiguration;
			buildSettings = {
				ALWAYS_SEARCH_USER_PATHS = NO;
				CLANG_ANALYZER_NONNULL = YES;
				CLANG_ANALYZER_NUMBER_OBJECT_CONVERSION = YES_AGGRESSIVE;
				CLANG_CXX_LANGUAGE_STANDARD = "gnu++14";
				CLANG_CXX_LIBRARY = "libc++";
				CLANG_ENABLE_MODULES = YES;
				CLANG_ENABLE_OBJC_ARC = YES;
				CLANG_ENABLE_OBJC_WEAK = YES;
				CLANG_WARN_BLOCK_CAPTURE_AUTORELEASING = YES;
				CLANG_WARN_BOOL_CONVERSION = YES;
				CLANG_WARN_COMMA = YES;
				CLANG_WARN_CONSTANT_CONVERSION = YES;
				CLANG_WARN_DEPRECATED_OBJC_IMPLEMENTATIONS = YES;
				CLANG_WARN_DIRECT_OBJC_ISA_USAGE = YES_ERROR;
				CLANG_WARN_DOCUMENTATION_COMMENTS = YES;
				CLANG_WARN_EMPTY_BODY = YES;
				CLANG_WARN_ENUM_CONVERSION = YES;
				CLANG_WARN_INFINITE_RECURSION = YES;
				CLANG_WARN_INT_CONVERSION = YES;
				CLANG_WARN_NON_LITERAL_NULL_CONVERSION = YES;
				CLANG_WARN_OBJC_IMPLICIT_RETAIN_SELF = YES;
				CLANG_WARN_OBJC_LITERAL_CONVERSION = YES;
				CLANG_WARN_OBJC_ROOT_CLASS = YES_ERROR;
				CLANG_WARN_RANGE_LOOP_ANALYSIS = YES;
				CLANG_WARN_STRICT_PROTOTYPES = YES;
				CLANG_WARN_SUSPICIOUS_MOVE = YES;
				CLANG_WARN_UNGUARDED_AVAILABILITY = YES_AGGRESSIVE;
				CLANG_WARN_UNREACHABLE_CODE = YES;
				CLANG_WARN__DUPLICATE_METHOD_MATCH = YES;
				CODE_SIGN_IDENTITY = "iPhone Developer";
				COPY_PHASE_STRIP = NO;
				DEBUG_INFORMATION_FORMAT = "dwarf-with-dsym";
				ENABLE_NS_ASSERTIONS = NO;
				ENABLE_STRICT_OBJC_MSGSEND = YES;
				GCC_C_LANGUAGE_STANDARD = gnu11;
				GCC_NO_COMMON_BLOCKS = YES;
				GCC_WARN_64_TO_32_BIT_CONVERSION = YES;
				GCC_WARN_ABOUT_RETURN_TYPE = YES_ERROR;
				GCC_WARN_UNDECLARED_SELECTOR = YES;
				GCC_WARN_UNINITIALIZED_AUTOS = YES_AGGRESSIVE;
				GCC_WARN_UNUSED_FUNCTION = YES;
				GCC_WARN_UNUSED_VARIABLE = YES;
				IPHONEOS_DEPLOYMENT_TARGET = 12.0;
				MTL_ENABLE_DEBUG_INFO = NO;
				MTL_FAST_MATH = YES;
				SDKROOT = iphoneos;
				SWIFT_COMPILATION_MODE = wholemodule;
				SWIFT_OPTIMIZATION_LEVEL = "-O";
				VALIDATE_PRODUCT = YES;
			};
			name = Release;
		};
		A945174C217A3BCC000FBB71 /* Debug */ = {
			isa = XCBuildConfiguration;
			buildSettings = {
				ASSETCATALOG_COMPILER_APPICON_NAME = AppIcon;
				CODE_SIGN_STYLE = Automatic;
				DEVELOPMENT_TEAM = 66GKFL5W33;
				INFOPLIST_FILE = SkyMood/Info.plist;
				LD_RUNPATH_SEARCH_PATHS = (
					"$(inherited)",
					"@executable_path/Frameworks",
				);
				PRODUCT_BUNDLE_IDENTIFIER = com.wordpress.ohhsoocutee.SkyMood;
				PRODUCT_NAME = "$(TARGET_NAME)";
				SWIFT_VERSION = 4.2;
				TARGETED_DEVICE_FAMILY = "1,2";
			};
			name = Debug;
		};
		A945174D217A3BCC000FBB71 /* Release */ = {
			isa = XCBuildConfiguration;
			buildSettings = {
				ASSETCATALOG_COMPILER_APPICON_NAME = AppIcon;
				CODE_SIGN_STYLE = Automatic;
				DEVELOPMENT_TEAM = 66GKFL5W33;
				INFOPLIST_FILE = SkyMood/Info.plist;
				LD_RUNPATH_SEARCH_PATHS = (
					"$(inherited)",
					"@executable_path/Frameworks",
				);
				PRODUCT_BUNDLE_IDENTIFIER = com.wordpress.ohhsoocutee.SkyMood;
				PRODUCT_NAME = "$(TARGET_NAME)";
				SWIFT_VERSION = 4.2;
				TARGETED_DEVICE_FAMILY = "1,2";
			};
			name = Release;
		};
/* End XCBuildConfiguration section */

/* Begin XCConfigurationList section */
		A9451734217A3BC8000FBB71 /* Build configuration list for PBXProject "SkyMood" */ = {
			isa = XCConfigurationList;
			buildConfigurations = (
				A9451749217A3BCC000FBB71 /* Debug */,
				A945174A217A3BCC000FBB71 /* Release */,
			);
			defaultConfigurationIsVisible = 0;
			defaultConfigurationName = Release;
		};
		A945174B217A3BCC000FBB71 /* Build configuration list for PBXNativeTarget "SkyMood" */ = {
			isa = XCConfigurationList;
			buildConfigurations = (
				A945174C217A3BCC000FBB71 /* Debug */,
				A945174D217A3BCC000FBB71 /* Release */,
			);
			defaultConfigurationIsVisible = 0;
			defaultConfigurationName = Release;
		};
/* End XCConfigurationList section */
	};
	rootObject = A9451731217A3BC8000FBB71 /* Project object */;
}
